
Microsoft Visual Studio Solution File, Format Version 12.00
# Visual Studio Version 17
VisualStudioVersion = 17.9.34723.18
MinimumVisualStudioVersion = 10.0.40219.1
Project("{FAE04EC0-301F-11D3-BF4B-00C04F79EFBC}") = "exercicio10", "exercicio10\exercicio10.csproj", "{E69433D5-133B-4E8A-B654-C20EEC676AF1}"
EndProject
Global
	GlobalSection(SolutionConfigurationPlatforms) = preSolution
		Debug|Any CPU = Debug|Any CPU
		Release|Any CPU = Release|Any CPU
	EndGlobalSection
	GlobalSection(ProjectConfigurationPlatforms) = postSolution
		{E69433D5-133B-4E8A-B654-C20EEC676AF1}.Debug|Any CPU.ActiveCfg = Debug|Any CPU
		{E69433D5-133B-4E8A-B654-C20EEC676AF1}.Debug|Any CPU.Build.0 = Debug|Any CPU
		{E69433D5-133B-4E8A-B654-C20EEC676AF1}.Release|Any CPU.ActiveCfg = Release|Any CPU
		{E69433D5-133B-4E8A-B654-C20EEC676AF1}.Release|Any CPU.Build.0 = Release|Any CPU
	EndGlobalSection
	GlobalSection(SolutionProperties) = preSolution
		HideSolutionNode = FALSE
	EndGlobalSection
	GlobalSection(ExtensibilityGlobals) = postSolution
		SolutionGuid = {02C76C28-A26D-454F-A6AD-8A5B16977955}
	EndGlobalSection
EndGlobal
